// !$*UTF8*$!
{
	archiveVersion = 1;
	classes = {
	};
	objectVersion = 50;
	objects = {

/* Begin PBXBuildFile section */
		ABF998B12255750E00485066 /* AppDelegate.swift in Sources */ = {isa = PBXBuildFile; fileRef = ABF998B02255750E00485066 /* AppDelegate.swift */; };
		ABF998B32255750E00485066 /* ViewController.swift in Sources */ = {isa = PBXBuildFile; fileRef = ABF998B22255750E00485066 /* ViewController.swift */; };
		ABF998B62255750E00485066 /* Main.storyboard in Resources */ = {isa = PBXBuildFile; fileRef = ABF998B42255750E00485066 /* Main.storyboard */; };
		ABF998B92255750E00485066 /* penist.xcdatamodeld in Sources */ = {isa = PBXBuildFile; fileRef = ABF998B72255750E00485066 /* penist.xcdatamodeld */; };
		ABF998BB2255751000485066 /* Assets.xcassets in Resources */ = {isa = PBXBuildFile; fileRef = ABF998BA2255751000485066 /* Assets.xcassets */; };
		ABF998BE2255751000485066 /* LaunchScreen.storyboard in Resources */ = {isa = PBXBuildFile; fileRef = ABF998BC2255751000485066 /* LaunchScreen.storyboard */; };
		ABF998C622557BCF00485066 /* name.plist in Resources */ = {isa = PBXBuildFile; fileRef = ABF998C522557BCF00485066 /* name.plist */; };
		ABF998C822557D2B00485066 /* cell.swift in Sources */ = {isa = PBXBuildFile; fileRef = ABF998C722557D2B00485066 /* cell.swift */; };
/* End PBXBuildFile section */

/* Begin PBXFileReference section */
		ABF998AD2255750E00485066 /* penist.app */ = {isa = PBXFileReference; explicitFileType = wrapper.application; includeInIndex = 0; path = penist.app; sourceTree = BUILT_PRODUCTS_DIR; };
		ABF998B02255750E00485066 /* AppDelegate.swift */ = {isa = PBXFileReference; lastKnownFileType = sourcecode.swift; path = AppDelegate.swift; sourceTree = "<group>"; };
		ABF998B22255750E00485066 /* ViewController.swift */ = {isa = PBXFileReference; lastKnownFileType = sourcecode.swift; path = ViewController.swift; sourceTree = "<group>"; };
		ABF998B52255750E00485066 /* Base */ = {isa = PBXFileReference; lastKnownFileType = file.storyboard; name = Base; path = Base.lproj/Main.storyboard; sourceTree = "<group>"; };
		ABF998B82255750E00485066 /* penist.xcdatamodel */ = {isa = PBXFileReference; lastKnownFileType = wrapper.xcdatamodel; path = penist.xcdatamodel; sourceTree = "<group>"; };
		ABF998BA2255751000485066 /* Assets.xcassets */ = {isa = PBXFileReference; lastKnownFileType = folder.assetcatalog; path = Assets.xcassets; sourceTree = "<group>"; };
		ABF998BD2255751000485066 /* Base */ = {isa = PBXFileReference; lastKnownFileType = file.storyboard; name = Base; path = Base.lproj/LaunchScreen.storyboard; sourceTree = "<group>"; };
		ABF998BF2255751000485066 /* Info.plist */ = {isa = PBXFileReference; lastKnownFileType = text.plist.xml; path = Info.plist; sourceTree = "<group>"; };
		ABF998C522557BCF00485066 /* name.plist */ = {isa = PBXFileReference; lastKnownFileType = text.plist.xml; path = name.plist; sourceTree = "<group>"; };
		ABF998C722557D2B00485066 /* cell.swift */ = {isa = PBXFileReference; lastKnownFileType = sourcecode.swift; path = cell.swift; sourceTree = "<group>"; };
/* End PBXFileReference section */

/* Begin PBXFrameworksBuildPhase section */
		ABF998AA2255750E00485066 /* Frameworks */ = {
			isa = PBXFrameworksBuildPhase;
			buildActionMask = 2147483647;
			files = (
			);
			runOnlyForDeploymentPostprocessing = 0;
		};
/* End PBXFrameworksBuildPhase section */

/* Begin PBXGroup section */
		ABF998A42255750E00485066 = {
			isa = PBXGroup;
			children = (
				ABF998C722557D2B00485066 /* cell.swift */,
				ABF998AF2255750E00485066 /* penist */,
				ABF998AE2255750E00485066 /* Products */,
			);
			sourceTree = "<group>";
		};
		ABF998AE2255750E00485066 /* Products */ = {
			isa = PBXGroup;
			children = (
				ABF998AD2255750E00485066 /* penist.app */,
			);
			name = Products;
			sourceTree = "<group>";
		};
		ABF998AF2255750E00485066 /* penist */ = {
			isa = PBXGroup;
			children = (
				ABF998B02255750E00485066 /* AppDelegate.swift */,
				ABF998B22255750E00485066 /* ViewController.swift */,
				ABF998B42255750E00485066 /* Main.storyboard */,
				ABF998BA2255751000485066 /* Assets.xcassets */,
				ABF998BC2255751000485066 /* LaunchScreen.storyboard */,
				ABF998BF2255751000485066 /* Info.plist */,
				ABF998C522557BCF00485066 /* name.plist */,
				ABF998B72255750E00485066 /* penist.xcdatamodeld */,
			);
			path = penist;
			sourceTree = "<group>";
		};
/* End PBXGroup section */

/* Begin PBXNativeTarget section */
		ABF998AC2255750E00485066 /* penist */ = {
			isa = PBXNativeTarget;
			buildConfigurationList = ABF998C22255751000485066 /* Build configuration list for PBXNativeTarget "penist" */;
			buildPhases = (
				ABF998A92255750E00485066 /* Sources */,
				ABF998AA2255750E00485066 /* Frameworks */,
				ABF998AB2255750E00485066 /* Resources */,
			);
			buildRules = (
			);
			dependencies = (
			);
			name = penist;
			productName = penist;
			productReference = ABF998AD2255750E00485066 /* penist.app */;
			productType = "com.apple.product-type.application";
		};
/* End PBXNativeTarget section */

/* Begin PBXProject section */
		ABF998A52255750E00485066 /* Project object */ = {
			isa = PBXProject;
			attributes = {
				LastSwiftUpdateCheck = 1010;
				LastUpgradeCheck = 1010;
				ORGANIZATIONNAME = "Jonathan Kopp";
				TargetAttributes = {
					ABF998AC2255750E00485066 = {
						CreatedOnToolsVersion = 10.1;
					};
				};
			};
			buildConfigurationList = ABF998A82255750E00485066 /* Build configuration list for PBXProject "penist" */;
			compatibilityVersion = "Xcode 9.3";
			developmentRegion = en;
			hasScannedForEncodings = 0;
			knownRegions = (
				en,
				Base,
			);
			mainGroup = ABF998A42255750E00485066;
			productRefGroup = ABF998AE2255750E00485066 /* Products */;
			projectDirPath = "";
			projectRoot = "";
			targets = (
				ABF998AC2255750E00485066 /* penist */,
			);
		};
/* End PBXProject section */

/* Begin PBXResourcesBuildPhase section */
		ABF998AB2255750E00485066 /* Resources */ = {
			isa = PBXResourcesBuildPhase;
			buildActionMask = 2147483647;
			files = (
				ABF998BE2255751000485066 /* LaunchScreen.storyboard in Resources */,
				ABF998C622557BCF00485066 /* name.plist in Resources */,
				ABF998BB2255751000485066 /* Assets.xcassets in Resources */,
				ABF998B62255750E00485066 /* Main.storyboard in Resources */,
			);
			runOnlyForDeploymentPostprocessing = 0;
		};
/* End PBXResourcesBuildPhase section */

/* Begin PBXSourcesBuildPhase section */
		ABF998A92255750E00485066 /* Sources */ = {
			isa = PBXSourcesBuildPhase;
			buildActionMask = 2147483647;
			files = (
				ABF998B32255750E00485066 /* ViewController.swift in Sources */,
				ABF998C822557D2B00485066 /* cell.swift in Sources */,
				ABF998B92255750E00485066 /* penist.xcdatamodeld in Sources */,
				ABF998B12255750E00485066 /* AppDelegate.swift in Sources */,
			);
			runOnlyForDeploymentPostprocessing = 0;
		};
/* End PBXSourcesBuildPhase section */

/* Begin PBXVariantGroup section */
		ABF998B42255750E00485066 /* Main.storyboard */ = {
			isa = PBXVariantGroup;
			children = (
				ABF998B52255750E00485066 /* Base */,
			);
			name = Main.storyboard;
			sourceTree = "<group>";
		};
		ABF998BC2255751000485066 /* LaunchScreen.storyboard */ = {
			isa = PBXVariantGroup;
			children = (
				ABF998BD2255751000485066 /* Base */,
			);
			name = LaunchScreen.storyboard;
			sourceTree = "<group>";
		};
/* End PBXVariantGroup section */

/* Begin XCBuildConfiguration section */
		ABF998C02255751000485066 /* Debug */ = {
			isa = XCBuildConfiguration;
			buildSettings = {
				ALWAYS_SEARCH_USER_PATHS = NO;
				CLANG_ANALYZER_NONNULL = YES;
				CLANG_ANALYZER_NUMBER_OBJECT_CONVERSION = YES_AGGRESSIVE;
				CLANG_CXX_LANGUAGE_STANDARD = "gnu++14";
				CLANG_CXX_LIBRARY = "libc++";
				CLANG_ENABLE_MODULES = YES;
				CLANG_ENABLE_OBJC_ARC = YES;
				CLANG_ENABLE_OBJC_WEAK = YES;
				CLANG_WARN_BLOCK_CAPTURE_AUTORELEASING = YES;
				CLANG_WARN_BOOL_CONVERSION = YES;
				CLANG_WARN_COMMA = YES;
				CLANG_WARN_CONSTANT_CONVERSION = YES;
				CLANG_WARN_DEPRECATED_OBJC_IMPLEMENTATIONS = YES;
				CLANG_WARN_DIRECT_OBJC_ISA_USAGE = YES_ERROR;
				CLANG_WARN_DOCUMENTATION_COMMENTS = YES;
				CLANG_WARN_EMPTY_BODY = YES;
				CLANG_WARN_ENUM_CONVERSION = YES;
				CLANG_WARN_INFINITE_RECURSION = YES;
				CLANG_WARN_INT_CONVERSION = YES;
				CLANG_WARN_NON_LITERAL_NULL_CONVERSION = YES;
				CLANG_WARN_OBJC_IMPLICIT_RETAIN_SELF = YES;
				CLANG_WARN_OBJC_LITERAL_CONVERSION = YES;
				CLANG_WARN_OBJC_ROOT_CLASS = YES_ERROR;
				CLANG_WARN_RANGE_LOOP_ANALYSIS = YES;
				CLANG_WARN_STRICT_PROTOTYPES = YES;
				CLANG_WARN_SUSPICIOUS_MOVE = YES;
				CLANG_WARN_UNGUARDED_AVAILABILITY = YES_AGGRESSIVE;
				CLANG_WARN_UNREACHABLE_CODE = YES;
				CLANG_WARN__DUPLICATE_METHOD_MATCH = YES;
				CODE_SIGN_IDENTITY = "iPhone Developer";
				COPY_PHASE_STRIP = NO;
				DEBUG_INFORMATION_FORMAT = dwarf;
				ENABLE_STRICT_OBJC_MSGSEND = YES;
				ENABLE_TESTABILITY = YES;
				GCC_C_LANGUAGE_STANDARD = gnu11;
				GCC_DYNAMIC_NO_PIC = NO;
				GCC_NO_COMMON_BLOCKS = YES;
				GCC_OPTIMIZATION_LEVEL = 0;
				GCC_PREPROCESSOR_DEFINITIONS = (
					"DEBUG=1",
					"$(inherited)",
				);
				GCC_WARN_64_TO_32_BIT_CONVERSION = YES;
				GCC_WARN_ABOUT_RETURN_TYPE = YES_ERROR;
				GCC_WARN_UNDECLARED_SELECTOR = YES;
				GCC_WARN_UNINITIALIZED_AUTOS = YES_AGGRESSIVE;
				GCC_WARN_UNUSED_FUNCTION = YES;
				GCC_WARN_UNUSED_VARIABLE = YES;
				IPHONEOS_DEPLOYMENT_TARGET = 12.1;
				MTL_ENABLE_DEBUG_INFO = INCLUDE_SOURCE;
				MTL_FAST_MATH = YES;
				ONLY_ACTIVE_ARCH = YES;
				SDKROOT = iphoneos;
				SWIFT_ACTIVE_COMPILATION_CONDITIONS = DEBUG;
				SWIFT_OPTIMIZATION_LEVEL = "-Onone";
			};
			name = Debug;
		};
		ABF998C12255751000485066 /* Release */ = {
			isa = XCBuildConfiguration;
			buildSettings = {
				ALWAYS_SEARCH_USER_PATHS = NO;
				CLANG_ANALYZER_NONNULL = YES;
				CLANG_ANALYZER_NUMBER_OBJECT_CONVERSION = YES_AGGRESSIVE;
				CLANG_CXX_LANGUAGE_STANDARD = "gnu++14";
				CLANG_CXX_LIBRARY = "libc++";
				CLANG_ENABLE_MODULES = YES;
				CLANG_ENABLE_OBJC_ARC = YES;
				CLANG_ENABLE_OBJC_WEAK = YES;
				CLANG_WARN_BLOCK_CAPTURE_AUTORELEASING = YES;
				CLANG_WARN_BOOL_CONVERSION = YES;
				CLANG_WARN_COMMA = YES;
				CLANG_WARN_CONSTANT_CONVERSION = YES;
				CLANG_WARN_DEPRECATED_OBJC_IMPLEMENTATIONS = YES;
				CLANG_WARN_DIRECT_OBJC_ISA_USAGE = YES_ERROR;
				CLANG_WARN_DOCUMENTATION_COMMENTS = YES;
				CLANG_WARN_EMPTY_BODY = YES;
				CLANG_WARN_ENUM_CONVERSION = YES;
				CLANG_WARN_INFINITE_RECURSION = YES;
				CLANG_WARN_INT_CONVERSION = YES;
				CLANG_WARN_NON_LITERAL_NULL_CONVERSION = YES;
				CLANG_WARN_OBJC_IMPLICIT_RETAIN_SELF = YES;
				CLANG_WARN_OBJC_LITERAL_CONVERSION = YES;
				CLANG_WARN_OBJC_ROOT_CLASS = YES_ERROR;
				CLANG_WARN_RANGE_LOOP_ANALYSIS = YES;
				CLANG_WARN_STRICT_PROTOTYPES = YES;
				CLANG_WARN_SUSPICIOUS_MOVE = YES;
				CLANG_WARN_UNGUARDED_AVAILABILITY = YES_AGGRESSIVE;
				CLANG_WARN_UNREACHABLE_CODE = YES;
				CLANG_WARN__DUPLICATE_METHOD_MATCH = YES;
				CODE_SIGN_IDENTITY = "iPhone Developer";
				COPY_PHASE_STRIP = NO;
				DEBUG_INFORMATION_FORMAT = "dwarf-with-dsym";
				ENABLE_NS_ASSERTIONS = NO;
				ENABLE_STRICT_OBJC_MSGSEND = YES;
				GCC_C_LANGUAGE_STANDARD = gnu11;
				GCC_NO_COMMON_BLOCKS = YES;
				GCC_WARN_64_TO_32_BIT_CONVERSION = YES;
				GCC_WARN_ABOUT_RETURN_TYPE = YES_ERROR;
				GCC_WARN_UNDECLARED_SELECTOR = YES;
				GCC_WARN_UNINITIALIZED_AUTOS = YES_AGGRESSIVE;
				GCC_WARN_UNUSED_FUNCTION = YES;
				GCC_WARN_UNUSED_VARIABLE = YES;
				IPHONEOS_DEPLOYMENT_TARGET = 12.1;
				MTL_ENABLE_DEBUG_INFO = NO;
				MTL_FAST_MATH = YES;
				SDKROOT = iphoneos;
				SWIFT_COMPILATION_MODE = wholemodule;
				SWIFT_OPTIMIZATION_LEVEL = "-O";
				VALIDATE_PRODUCT = YES;
			};
			name = Release;
		};
		ABF998C32255751000485066 /* Debug */ = {
			isa = XCBuildConfiguration;
			buildSettings = {
				ASSETCATALOG_COMPILER_APPICON_NAME = AppIcon;
				CODE_SIGN_STYLE = Automatic;
				DEVELOPMENT_TEAM = RUS5Y57VG8;
				INFOPLIST_FILE = penist/Info.plist;
				LD_RUNPATH_SEARCH_PATHS = (
					"$(inherited)",
					"@executable_path/Frameworks",
				);
				PRODUCT_BUNDLE_IDENTIFIER = com.JonathanKopp.penist;
				PRODUCT_NAME = "$(TARGET_NAME)";
				SWIFT_VERSION = 4.2;
				TARGETED_DEVICE_FAMILY = "1,2";
			};
			name = Debug;
		};
		ABF998C42255751000485066 /* Release */ = {
			isa = XCBuildConfiguration;
			buildSettings = {
				ASSETCATALOG_COMPILER_APPICON_NAME = AppIcon;
				CODE_SIGN_STYLE = Automatic;
				DEVELOPMENT_TEAM = RUS5Y57VG8;
				INFOPLIST_FILE = penist/Info.plist;
				LD_RUNPATH_SEARCH_PATHS = (
					"$(inherited)",
					"@executable_path/Frameworks",
				);
				PRODUCT_BUNDLE_IDENTIFIER = com.JonathanKopp.penist;
				PRODUCT_NAME = "$(TARGET_NAME)";
				SWIFT_VERSION = 4.2;
				TARGETED_DEVICE_FAMILY = "1,2";
			};
			name = Release;
		};
/* End XCBuildConfiguration section */

/* Begin XCConfigurationList section */
		ABF998A82255750E00485066 /* Build configuration list for PBXProject "penist" */ = {
			isa = XCConfigurationList;
			buildConfigurations = (
				ABF998C02255751000485066 /* Debug */,
				ABF998C12255751000485066 /* Release */,
			);
			defaultConfigurationIsVisible = 0;
			defaultConfigurationName = Release;
		};
		ABF998C22255751000485066 /* Build configuration list for PBXNativeTarget "penist" */ = {
			isa = XCConfigurationList;
			buildConfigurations = (
				ABF998C32255751000485066 /* Debug */,
				ABF998C42255751000485066 /* Release */,
			);
			defaultConfigurationIsVisible = 0;
			defaultConfigurationName = Release;
		};
/* End XCConfigurationList section */

/* Begin XCVersionGroup section */
		ABF998B72255750E00485066 /* penist.xcdatamodeld */ = {
			isa = XCVersionGroup;
			children = (
				ABF998B82255750E00485066 /* penist.xcdatamodel */,
			);
			currentVersion = ABF998B82255750E00485066 /* penist.xcdatamodel */;
			path = penist.xcdatamodeld;
			sourceTree = "<group>";
			versionGroupType = wrapper.xcdatamodel;
		};
/* End XCVersionGroup section */
	};
	rootObject = ABF998A52255750E00485066 /* Project object */;
}
